
Microsoft Visual Studio Solution File, Format Version 12.00
# Visual Studio Version 17
VisualStudioVersion = 17.4.33213.308
MinimumVisualStudioVersion = 10.0.40219.1
Project("{FAE04EC0-301F-11D3-BF4B-00C04F79EFBC}") = "VSProjectFixer", "VSProjectFixer\VSProjectFixer.csproj", "{A9C535A0-6ABB-446E-83DD-BCA3162FD296}"
EndProject
Global
	GlobalSection(SolutionConfigurationPlatforms) = preSolution
		Debug|Any CPU = Debug|Any CPU
		Release|Any CPU = Release|Any CPU
	EndGlobalSection
	GlobalSection(ProjectConfigurationPlatforms) = postSolution
		{A9C535A0-6ABB-446E-83DD-BCA3162FD296}.Debug|Any CPU.ActiveCfg = Debug|Any CPU
		{A9C535A0-6ABB-446E-83DD-BCA3162FD296}.Debug|Any CPU.Build.0 = Debug|Any CPU
		{A9C535A0-6ABB-446E-83DD-BCA3162FD296}.Release|Any CPU.ActiveCfg = Release|Any CPU
		{A9C535A0-6ABB-446E-83DD-BCA3162FD296}.Release|Any CPU.Build.0 = Release|Any CPU
	EndGlobalSection
	GlobalSection(SolutionProperties) = preSolution
		HideSolutionNode = FALSE
	EndGlobalSection
	GlobalSection(ExtensibilityGlobals) = postSolution
		SolutionGuid = {00CA7ECE-AA8C-450B-B3B7-5597FB4937E8}
	EndGlobalSection
EndGlobal
